
Microsoft Visual Studio Solution File, Format Version 11.00
# Visual C# Express 2010
Project("{FAE04EC0-301F-11D3-BF4B-00C04F79EFBC}") = "CodewordSearch", "CodewordSearch\CodewordSearch.csproj", "{502725B9-FD9A-4D6D-8116-EF8F4609EDDA}"
EndProject
Project("{FAE04EC0-301F-11D3-BF4B-00C04F79EFBC}") = "SQLite.Search", "SQLite.Search\SQLite.Search.csproj", "{22250B9E-4D1D-4C9C-91E3-42E6FB9F59DD}"
EndProject
Global
	GlobalSection(SolutionConfigurationPlatforms) = preSolution
		Debug|Any CPU = Debug|Any CPU
		Debug|Mixed Platforms = Debug|Mixed Platforms
		Debug|x86 = Debug|x86
		Release|Any CPU = Release|Any CPU
		Release|Mixed Platforms = Release|Mixed Platforms
		Release|x86 = Release|x86
	EndGlobalSection
	GlobalSection(ProjectConfigurationPlatforms) = postSolution
		{502725B9-FD9A-4D6D-8116-EF8F4609EDDA}.Debug|Any CPU.ActiveCfg = Debug|x86
		{502725B9-FD9A-4D6D-8116-EF8F4609EDDA}.Debug|Mixed Platforms.ActiveCfg = Debug|x86
		{502725B9-FD9A-4D6D-8116-EF8F4609EDDA}.Debug|Mixed Platforms.Build.0 = Debug|x86
		{502725B9-FD9A-4D6D-8116-EF8F4609EDDA}.Debug|x86.ActiveCfg = Debug|x86
		{502725B9-FD9A-4D6D-8116-EF8F4609EDDA}.Debug|x86.Build.0 = Debug|x86
		{502725B9-FD9A-4D6D-8116-EF8F4609EDDA}.Release|Any CPU.ActiveCfg = Release|x86
		{502725B9-FD9A-4D6D-8116-EF8F4609EDDA}.Release|Mixed Platforms.ActiveCfg = Release|x86
		{502725B9-FD9A-4D6D-8116-EF8F4609EDDA}.Release|Mixed Platforms.Build.0 = Release|x86
		{502725B9-FD9A-4D6D-8116-EF8F4609EDDA}.Release|x86.ActiveCfg = Release|x86
		{502725B9-FD9A-4D6D-8116-EF8F4609EDDA}.Release|x86.Build.0 = Release|x86
		{22250B9E-4D1D-4C9C-91E3-42E6FB9F59DD}.Debug|Any CPU.ActiveCfg = Debug|Any CPU
		{22250B9E-4D1D-4C9C-91E3-42E6FB9F59DD}.Debug|Any CPU.Build.0 = Debug|Any CPU
		{22250B9E-4D1D-4C9C-91E3-42E6FB9F59DD}.Debug|Mixed Platforms.ActiveCfg = Debug|Any CPU
		{22250B9E-4D1D-4C9C-91E3-42E6FB9F59DD}.Debug|Mixed Platforms.Build.0 = Debug|Any CPU
		{22250B9E-4D1D-4C9C-91E3-42E6FB9F59DD}.Debug|x86.ActiveCfg = Debug|Any CPU
		{22250B9E-4D1D-4C9C-91E3-42E6FB9F59DD}.Release|Any CPU.ActiveCfg = Release|Any CPU
		{22250B9E-4D1D-4C9C-91E3-42E6FB9F59DD}.Release|Any CPU.Build.0 = Release|Any CPU
		{22250B9E-4D1D-4C9C-91E3-42E6FB9F59DD}.Release|Mixed Platforms.ActiveCfg = Release|Any CPU
		{22250B9E-4D1D-4C9C-91E3-42E6FB9F59DD}.Release|Mixed Platforms.Build.0 = Release|Any CPU
		{22250B9E-4D1D-4C9C-91E3-42E6FB9F59DD}.Release|x86.ActiveCfg = Release|Any CPU
	EndGlobalSection
	GlobalSection(SolutionProperties) = preSolution
		HideSolutionNode = FALSE
	EndGlobalSection
EndGlobal
